
Microsoft Visual Studio Solution File, Format Version 12.00
# Visual Studio 15
VisualStudioVersion = 15.0.27703.2035
MinimumVisualStudioVersion = 10.0.40219.1
Project("{FAE04EC0-301F-11D3-BF4B-00C04F79EFBC}") = "Watermango", "Watermango\Watermango.csproj", "{0B1B295B-632E-491C-A24B-41E949B0102B}"
EndProject
Global
	GlobalSection(SolutionConfigurationPlatforms) = preSolution
		Debug|Any CPU = Debug|Any CPU
		Release|Any CPU = Release|Any CPU
	EndGlobalSection
	GlobalSection(ProjectConfigurationPlatforms) = postSolution
		{0B1B295B-632E-491C-A24B-41E949B0102B}.Debug|Any CPU.ActiveCfg = Debug|Any CPU
		{0B1B295B-632E-491C-A24B-41E949B0102B}.Debug|Any CPU.Build.0 = Debug|Any CPU
		{0B1B295B-632E-491C-A24B-41E949B0102B}.Release|Any CPU.ActiveCfg = Release|Any CPU
		{0B1B295B-632E-491C-A24B-41E949B0102B}.Release|Any CPU.Build.0 = Release|Any CPU
	EndGlobalSection
	GlobalSection(SolutionProperties) = preSolution
		HideSolutionNode = FALSE
	EndGlobalSection
	GlobalSection(ExtensibilityGlobals) = postSolution
		SolutionGuid = {E63BD182-6D71-4A13-93E8-F37B30D49303}
	EndGlobalSection
EndGlobal
